
Microsoft Visual Studio Solution File, Format Version 12.00
# Visual Studio Version 17
VisualStudioVersion = 17.9.34728.123
MinimumVisualStudioVersion = 10.0.40219.1
Project("{FAE04EC0-301F-11D3-BF4B-00C04F79EFBC}") = "수학공식", "수학공식.csproj", "{FBFEF5A0-71AD-4558-857E-1A816FFB221E}"
EndProject
Global
	GlobalSection(SolutionConfigurationPlatforms) = preSolution
		Debug|Any CPU = Debug|Any CPU
		Release|Any CPU = Release|Any CPU
	EndGlobalSection
	GlobalSection(ProjectConfigurationPlatforms) = postSolution
		{FBFEF5A0-71AD-4558-857E-1A816FFB221E}.Debug|Any CPU.ActiveCfg = Debug|Any CPU
		{FBFEF5A0-71AD-4558-857E-1A816FFB221E}.Debug|Any CPU.Build.0 = Debug|Any CPU
		{FBFEF5A0-71AD-4558-857E-1A816FFB221E}.Release|Any CPU.ActiveCfg = Release|Any CPU
		{FBFEF5A0-71AD-4558-857E-1A816FFB221E}.Release|Any CPU.Build.0 = Release|Any CPU
	EndGlobalSection
	GlobalSection(SolutionProperties) = preSolution
		HideSolutionNode = FALSE
	EndGlobalSection
	GlobalSection(ExtensibilityGlobals) = postSolution
		SolutionGuid = {5274E463-79AF-485A-99C4-5D917FA9C784}
	EndGlobalSection
EndGlobal
